dependencies:
- name: advertisementOperator
  repository: file://subcharts/advertisementOperator/
  version: 0.1.0
- name: networkModule
  repository: file://subcharts/networkModule/
  version: 0.1.0
- name: tunnelEndpointCreator
  repository: file://subcharts/tunnelEndpointCreator/
  version: 0.1.0
- name: schedulingNodeOperator
  repository: file://subcharts/schedulingNodeOperator/
  version: 0.1.0
- name: podMutator
  repository: file://subcharts/podMutator/
  version: 0.1.0
- name: webhooksInstaller
  repository: file://subcharts/webhooksInstaller/
  version: 0.1.0
- name: discoveryOperator
  repository: file://subcharts/discoveryOperator/
  version: 0.1.0
- name: peeringRequestOperator
  repository: file://subcharts/peeringRequestOperator/
  version: 0.1.0
- name: liqoDash
  repository: file://subcharts/liqoDash/
  version: 0.1.0
- name: crdReplicator
  repository: file://subcharts/crdReplicator/
  version: 0.1.0
digest: sha256:99f529087d74a0dd7007e129a052d1599c0865dc0312b4f745c8cfc31c26f84f
generated: "2020-10-12T17:14:31.485481817+02:00"
